
Microsoft Visual Studio Solution File, Format Version 12.00
# Visual Studio Version 17
VisualStudioVersion = 17.0.32014.148
MinimumVisualStudioVersion = 10.0.40219.1
Project("{FAE04EC0-301F-11D3-BF4B-00C04F79EFBC}") = "Conversor.Android", "Conversor.Android\Conversor.Android.csproj", "{36423D57-1D67-48D9-9417-38F8DABF0B3B}"
EndProject
Project("{FAE04EC0-301F-11D3-BF4B-00C04F79EFBC}") = "Conversor.iOS", "Conversor.iOS\Conversor.iOS.csproj", "{9837E89A-7EB4-418E-A3C9-18DC7378B499}"
EndProject
Project("{FAE04EC0-301F-11D3-BF4B-00C04F79EFBC}") = "Conversor", "Conversor\Conversor.csproj", "{7BB284C6-BD6F-4EEA-B02C-D3EB608DE862}"
EndProject
Global
	GlobalSection(SolutionConfigurationPlatforms) = preSolution
		Debug|Any CPU = Debug|Any CPU
		Debug|iPhone = Debug|iPhone
		Debug|iPhoneSimulator = Debug|iPhoneSimulator
		Release|Any CPU = Release|Any CPU
		Release|iPhone = Release|iPhone
		Release|iPhoneSimulator = Release|iPhoneSimulator
	EndGlobalSection
	GlobalSection(ProjectConfigurationPlatforms) = postSolution
		{36423D57-1D67-48D9-9417-38F8DABF0B3B}.Debug|Any CPU.ActiveCfg = Debug|Any CPU
		{36423D57-1D67-48D9-9417-38F8DABF0B3B}.Debug|Any CPU.Build.0 = Debug|Any CPU
		{36423D57-1D67-48D9-9417-38F8DABF0B3B}.Debug|Any CPU.Deploy.0 = Debug|Any CPU
		{36423D57-1D67-48D9-9417-38F8DABF0B3B}.Debug|iPhone.ActiveCfg = Debug|Any CPU
		{36423D57-1D67-48D9-9417-38F8DABF0B3B}.Debug|iPhone.Build.0 = Debug|Any CPU
		{36423D57-1D67-48D9-9417-38F8DABF0B3B}.Debug|iPhone.Deploy.0 = Debug|Any CPU
		{36423D57-1D67-48D9-9417-38F8DABF0B3B}.Debug|iPhoneSimulator.ActiveCfg = Debug|Any CPU
		{36423D57-1D67-48D9-9417-38F8DABF0B3B}.Debug|iPhoneSimulator.Build.0 = Debug|Any CPU
		{36423D57-1D67-48D9-9417-38F8DABF0B3B}.Debug|iPhoneSimulator.Deploy.0 = Debug|Any CPU
		{36423D57-1D67-48D9-9417-38F8DABF0B3B}.Release|Any CPU.ActiveCfg = Release|Any CPU
		{36423D57-1D67-48D9-9417-38F8DABF0B3B}.Release|Any CPU.Build.0 = Release|Any CPU
		{36423D57-1D67-48D9-9417-38F8DABF0B3B}.Release|Any CPU.Deploy.0 = Release|Any CPU
		{36423D57-1D67-48D9-9417-38F8DABF0B3B}.Release|iPhone.ActiveCfg = Release|Any CPU
		{36423D57-1D67-48D9-9417-38F8DABF0B3B}.Release|iPhone.Build.0 = Release|Any CPU
		{36423D57-1D67-48D9-9417-38F8DABF0B3B}.Release|iPhone.Deploy.0 = Release|Any CPU
		{36423D57-1D67-48D9-9417-38F8DABF0B3B}.Release|iPhoneSimulator.ActiveCfg = Release|Any CPU
		{36423D57-1D67-48D9-9417-38F8DABF0B3B}.Release|iPhoneSimulator.Build.0 = Release|Any CPU
		{36423D57-1D67-48D9-9417-38F8DABF0B3B}.Release|iPhoneSimulator.Deploy.0 = Release|Any CPU
		{9837E89A-7EB4-418E-A3C9-18DC7378B499}.Debug|Any CPU.ActiveCfg = Debug|iPhone
		{9837E89A-7EB4-418E-A3C9-18DC7378B499}.Debug|Any CPU.Build.0 = Debug|iPhone
		{9837E89A-7EB4-418E-A3C9-18DC7378B499}.Debug|Any CPU.Deploy.0 = Debug|iPhone
		{9837E89A-7EB4-418E-A3C9-18DC7378B499}.Debug|iPhone.ActiveCfg = Debug|iPhone
		{9837E89A-7EB4-418E-A3C9-18DC7378B499}.Debug|iPhone.Build.0 = Debug|iPhone
		{9837E89A-7EB4-418E-A3C9-18DC7378B499}.Debug|iPhone.Deploy.0 = Debug|iPhone
		{9837E89A-7EB4-418E-A3C9-18DC7378B499}.Debug|iPhoneSimulator.ActiveCfg = Debug|iPhoneSimulator
		{9837E89A-7EB4-418E-A3C9-18DC7378B499}.Debug|iPhoneSimulator.Build.0 = Debug|iPhoneSimulator
		{9837E89A-7EB4-418E-A3C9-18DC7378B499}.Debug|iPhoneSimulator.Deploy.0 = Debug|iPhoneSimulator
		{9837E89A-7EB4-418E-A3C9-18DC7378B499}.Release|Any CPU.ActiveCfg = Release|iPhoneSimulator
		{9837E89A-7EB4-418E-A3C9-18DC7378B499}.Release|Any CPU.Build.0 = Release|iPhoneSimulator
		{9837E89A-7EB4-418E-A3C9-18DC7378B499}.Release|Any CPU.Deploy.0 = Release|iPhoneSimulator
		{9837E89A-7EB4-418E-A3C9-18DC7378B499}.Release|iPhone.ActiveCfg = Release|iPhone
		{9837E89A-7EB4-418E-A3C9-18DC7378B499}.Release|iPhone.Build.0 = Release|iPhone
		{9837E89A-7EB4-418E-A3C9-18DC7378B499}.Release|iPhone.Deploy.0 = Release|iPhone
		{9837E89A-7EB4-418E-A3C9-18DC7378B499}.Release|iPhoneSimulator.ActiveCfg = Release|iPhoneSimulator
		{9837E89A-7EB4-418E-A3C9-18DC7378B499}.Release|iPhoneSimulator.Build.0 = Release|iPhoneSimulator
		{9837E89A-7EB4-418E-A3C9-18DC7378B499}.Release|iPhoneSimulator.Deploy.0 = Release|iPhoneSimulator
		{7BB284C6-BD6F-4EEA-B02C-D3EB608DE862}.Debug|Any CPU.ActiveCfg = Debug|Any CPU
		{7BB284C6-BD6F-4EEA-B02C-D3EB608DE862}.Debug|Any CPU.Build.0 = Debug|Any CPU
		{7BB284C6-BD6F-4EEA-B02C-D3EB608DE862}.Debug|Any CPU.Deploy.0 = Debug|Any CPU
		{7BB284C6-BD6F-4EEA-B02C-D3EB608DE862}.Debug|iPhone.ActiveCfg = Debug|Any CPU
		{7BB284C6-BD6F-4EEA-B02C-D3EB608DE862}.Debug|iPhone.Build.0 = Debug|Any CPU
		{7BB284C6-BD6F-4EEA-B02C-D3EB608DE862}.Debug|iPhone.Deploy.0 = Debug|Any CPU
		{7BB284C6-BD6F-4EEA-B02C-D3EB608DE862}.Debug|iPhoneSimulator.ActiveCfg = Debug|Any CPU
		{7BB284C6-BD6F-4EEA-B02C-D3EB608DE862}.Debug|iPhoneSimulator.Build.0 = Debug|Any CPU
		{7BB284C6-BD6F-4EEA-B02C-D3EB608DE862}.Debug|iPhoneSimulator.Deploy.0 = Debug|Any CPU
		{7BB284C6-BD6F-4EEA-B02C-D3EB608DE862}.Release|Any CPU.ActiveCfg = Release|Any CPU
		{7BB284C6-BD6F-4EEA-B02C-D3EB608DE862}.Release|Any CPU.Build.0 = Release|Any CPU
		{7BB284C6-BD6F-4EEA-B02C-D3EB608DE862}.Release|Any CPU.Deploy.0 = Release|Any CPU
		{7BB284C6-BD6F-4EEA-B02C-D3EB608DE862}.Release|iPhone.ActiveCfg = Release|Any CPU
		{7BB284C6-BD6F-4EEA-B02C-D3EB608DE862}.Release|iPhone.Build.0 = Release|Any CPU
		{7BB284C6-BD6F-4EEA-B02C-D3EB608DE862}.Release|iPhone.Deploy.0 = Release|Any CPU
		{7BB284C6-BD6F-4EEA-B02C-D3EB608DE862}.Release|iPhoneSimulator.ActiveCfg = Release|Any CPU
		{7BB284C6-BD6F-4EEA-B02C-D3EB608DE862}.Release|iPhoneSimulator.Build.0 = Release|Any CPU
		{7BB284C6-BD6F-4EEA-B02C-D3EB608DE862}.Release|iPhoneSimulator.Deploy.0 = Release|Any CPU
	EndGlobalSection
	GlobalSection(SolutionProperties) = preSolution
		HideSolutionNode = FALSE
	EndGlobalSection
	GlobalSection(ExtensibilityGlobals) = postSolution
		SolutionGuid = {371A656E-A08F-4802-9F41-A0F35D341407}
	EndGlobalSection
EndGlobal
